
Microsoft Visual Studio Solution File, Format Version 12.00
# Visual Studio Version 17
VisualStudioVersion = 17.3.32804.467
MinimumVisualStudioVersion = 10.0.40219.1
Project("{FAE04EC0-301F-11D3-BF4B-00C04F79EFBC}") = "login", "login\login.csproj", "{EBB4634E-F378-49FF-B157-A6D862E0CB66}"
EndProject
Global
	GlobalSection(SolutionConfigurationPlatforms) = preSolution
		Debug|Any CPU = Debug|Any CPU
		Release|Any CPU = Release|Any CPU
	EndGlobalSection
	GlobalSection(ProjectConfigurationPlatforms) = postSolution
		{EBB4634E-F378-49FF-B157-A6D862E0CB66}.Debug|Any CPU.ActiveCfg = Debug|Any CPU
		{EBB4634E-F378-49FF-B157-A6D862E0CB66}.Debug|Any CPU.Build.0 = Debug|Any CPU
		{EBB4634E-F378-49FF-B157-A6D862E0CB66}.Release|Any CPU.ActiveCfg = Release|Any CPU
		{EBB4634E-F378-49FF-B157-A6D862E0CB66}.Release|Any CPU.Build.0 = Release|Any CPU
	EndGlobalSection
	GlobalSection(SolutionProperties) = preSolution
		HideSolutionNode = FALSE
	EndGlobalSection
	GlobalSection(ExtensibilityGlobals) = postSolution
		SolutionGuid = {57402268-995D-4163-91AD-009F6B38556F}
	EndGlobalSection
EndGlobal
